
Microsoft Visual Studio Solution File, Format Version 12.00
# Visual Studio Version 17
VisualStudioVersion = 17.3.32804.467
MinimumVisualStudioVersion = 10.0.40219.1
Project("{FAE04EC0-301F-11D3-BF4B-00C04F79EFBC}") = "MergeSortedArray", "MergeSortedArray.csproj", "{B1923CE7-B51F-4333-B7F8-8DC7D58A22AF}"
EndProject
Global
	GlobalSection(SolutionConfigurationPlatforms) = preSolution
		Debug|Any CPU = Debug|Any CPU
		Release|Any CPU = Release|Any CPU
	EndGlobalSection
	GlobalSection(ProjectConfigurationPlatforms) = postSolution
		{B1923CE7-B51F-4333-B7F8-8DC7D58A22AF}.Debug|Any CPU.ActiveCfg = Debug|Any CPU
		{B1923CE7-B51F-4333-B7F8-8DC7D58A22AF}.Debug|Any CPU.Build.0 = Debug|Any CPU
		{B1923CE7-B51F-4333-B7F8-8DC7D58A22AF}.Release|Any CPU.ActiveCfg = Release|Any CPU
		{B1923CE7-B51F-4333-B7F8-8DC7D58A22AF}.Release|Any CPU.Build.0 = Release|Any CPU
	EndGlobalSection
	GlobalSection(SolutionProperties) = preSolution
		HideSolutionNode = FALSE
	EndGlobalSection
	GlobalSection(ExtensibilityGlobals) = postSolution
		SolutionGuid = {486D5C26-AF4B-4340-898A-05F5B3B1C732}
	EndGlobalSection
EndGlobal
