
Microsoft Visual Studio Solution File, Format Version 12.00
# Visual Studio Version 17
VisualStudioVersion = 17.3.32804.467
MinimumVisualStudioVersion = 10.0.40219.1
Project("{FAE04EC0-301F-11D3-BF4B-00C04F79EFBC}") = "ValidMountainArray", "ValidMountainArray.csproj", "{4918BE6F-863E-4A17-A70E-674CEC564E47}"
EndProject
Global
	GlobalSection(SolutionConfigurationPlatforms) = preSolution
		Debug|Any CPU = Debug|Any CPU
		Release|Any CPU = Release|Any CPU
	EndGlobalSection
	GlobalSection(ProjectConfigurationPlatforms) = postSolution
		{4918BE6F-863E-4A17-A70E-674CEC564E47}.Debug|Any CPU.ActiveCfg = Debug|Any CPU
		{4918BE6F-863E-4A17-A70E-674CEC564E47}.Debug|Any CPU.Build.0 = Debug|Any CPU
		{4918BE6F-863E-4A17-A70E-674CEC564E47}.Release|Any CPU.ActiveCfg = Release|Any CPU
		{4918BE6F-863E-4A17-A70E-674CEC564E47}.Release|Any CPU.Build.0 = Release|Any CPU
	EndGlobalSection
	GlobalSection(SolutionProperties) = preSolution
		HideSolutionNode = FALSE
	EndGlobalSection
	GlobalSection(ExtensibilityGlobals) = postSolution
		SolutionGuid = {36148860-14A8-4D7F-879D-4856494D33F1}
	EndGlobalSection
EndGlobal
